
Microsoft Visual Studio Solution File, Format Version 12.00
# Visual Studio Version 17
VisualStudioVersion = 17.8.34330.188
MinimumVisualStudioVersion = 10.0.40219.1
Project("{9A19103F-16F7-4668-BE54-9A1E7A4F7556}") = "MainSceletonBot", "MainSceletonBot.csproj", "{87540A8A-F809-4F65-99E1-01FC820808FC}"
EndProject
Project("{FAE04EC0-301F-11D3-BF4B-00C04F79EFBC}") = "MainSceletonBot.Tests", "..\MainSceletonBot.Tests\MainSceletonBot.Tests.csproj", "{E460B8E9-BA85-4567-83EF-ADD0C78BDABE}"
EndProject
Global
	GlobalSection(SolutionConfigurationPlatforms) = preSolution
		Debug|Any CPU = Debug|Any CPU
		Release|Any CPU = Release|Any CPU
	EndGlobalSection
	GlobalSection(ProjectConfigurationPlatforms) = postSolution
		{87540A8A-F809-4F65-99E1-01FC820808FC}.Debug|Any CPU.ActiveCfg = Debug|Any CPU
		{87540A8A-F809-4F65-99E1-01FC820808FC}.Debug|Any CPU.Build.0 = Debug|Any CPU
		{87540A8A-F809-4F65-99E1-01FC820808FC}.Release|Any CPU.ActiveCfg = Release|Any CPU
		{87540A8A-F809-4F65-99E1-01FC820808FC}.Release|Any CPU.Build.0 = Release|Any CPU
		{E460B8E9-BA85-4567-83EF-ADD0C78BDABE}.Debug|Any CPU.ActiveCfg = Debug|Any CPU
		{E460B8E9-BA85-4567-83EF-ADD0C78BDABE}.Debug|Any CPU.Build.0 = Debug|Any CPU
		{E460B8E9-BA85-4567-83EF-ADD0C78BDABE}.Release|Any CPU.ActiveCfg = Release|Any CPU
		{E460B8E9-BA85-4567-83EF-ADD0C78BDABE}.Release|Any CPU.Build.0 = Release|Any CPU
	EndGlobalSection
	GlobalSection(SolutionProperties) = preSolution
		HideSolutionNode = FALSE
	EndGlobalSection
	GlobalSection(ExtensibilityGlobals) = postSolution
		SolutionGuid = {34D79059-980B-45AC-8AB7-1BE3A9D0532E}
	EndGlobalSection
EndGlobal
